
Microsoft Visual Studio Solution File, Format Version 11.00
# Visual Studio 2010
# SharpDevelop 4.4
Project("{FAE04EC0-301F-11D3-BF4B-00C04F79EFBC}") = "ForestEmpire", "ForestEmpire\ForestEmpire.csproj", "{637B6A80-51E2-40D1-ABA4-916B468D8E21}"
EndProject
Global
	GlobalSection(SolutionConfigurationPlatforms) = preSolution
		Debug|Any CPU = Debug|Any CPU
		Release|Any CPU = Release|Any CPU
	EndGlobalSection
	GlobalSection(ProjectConfigurationPlatforms) = postSolution
		{637B6A80-51E2-40D1-ABA4-916B468D8E21}.Debug|Any CPU.Build.0 = Debug|Any CPU
		{637B6A80-51E2-40D1-ABA4-916B468D8E21}.Debug|Any CPU.ActiveCfg = Debug|Any CPU
		{637B6A80-51E2-40D1-ABA4-916B468D8E21}.Release|Any CPU.Build.0 = Release|Any CPU
		{637B6A80-51E2-40D1-ABA4-916B468D8E21}.Release|Any CPU.ActiveCfg = Release|Any CPU
	EndGlobalSection
EndGlobal
